
Microsoft Visual Studio Solution File, Format Version 12.00
# Visual Studio 15
VisualStudioVersion = 15.0.27130.2010
MinimumVisualStudioVersion = 10.0.40219.1
Project("{9A19103F-16F7-4668-BE54-9A1E7A4F7556}") = "FilesMonitoring", "FilesMonitoring\FilesMonitoring.csproj", "{E385DB83-BA9A-4D07-A58F-EB7F427EB1BA}"
EndProject
Project("{9A19103F-16F7-4668-BE54-9A1E7A4F7556}") = "FilesMonitoringServer", "FilesMonitoringServer\FilesMonitoringServer.csproj", "{E1379649-495E-4A72-84FC-AD950A1DCC93}"
EndProject
Project("{FAE04EC0-301F-11D3-BF4B-00C04F79EFBC}") = "FilesMonitoringWebSite", "FilesMonitoringWebSite\FilesMonitoringWebSite.csproj", "{A53A5FC5-48A6-499A-AB29-B192DE977AB5}"
EndProject
Global
	GlobalSection(SolutionConfigurationPlatforms) = preSolution
		Debug|Any CPU = Debug|Any CPU
		Release|Any CPU = Release|Any CPU
	EndGlobalSection
	GlobalSection(ProjectConfigurationPlatforms) = postSolution
		{E385DB83-BA9A-4D07-A58F-EB7F427EB1BA}.Debug|Any CPU.ActiveCfg = Debug|Any CPU
		{E385DB83-BA9A-4D07-A58F-EB7F427EB1BA}.Debug|Any CPU.Build.0 = Debug|Any CPU
		{E385DB83-BA9A-4D07-A58F-EB7F427EB1BA}.Release|Any CPU.ActiveCfg = Release|Any CPU
		{E385DB83-BA9A-4D07-A58F-EB7F427EB1BA}.Release|Any CPU.Build.0 = Release|Any CPU
		{E1379649-495E-4A72-84FC-AD950A1DCC93}.Debug|Any CPU.ActiveCfg = Debug|Any CPU
		{E1379649-495E-4A72-84FC-AD950A1DCC93}.Debug|Any CPU.Build.0 = Debug|Any CPU
		{E1379649-495E-4A72-84FC-AD950A1DCC93}.Release|Any CPU.ActiveCfg = Release|Any CPU
		{E1379649-495E-4A72-84FC-AD950A1DCC93}.Release|Any CPU.Build.0 = Release|Any CPU
		{A53A5FC5-48A6-499A-AB29-B192DE977AB5}.Debug|Any CPU.ActiveCfg = Debug|Any CPU
		{A53A5FC5-48A6-499A-AB29-B192DE977AB5}.Debug|Any CPU.Build.0 = Debug|Any CPU
		{A53A5FC5-48A6-499A-AB29-B192DE977AB5}.Release|Any CPU.ActiveCfg = Release|Any CPU
		{A53A5FC5-48A6-499A-AB29-B192DE977AB5}.Release|Any CPU.Build.0 = Release|Any CPU
	EndGlobalSection
	GlobalSection(SolutionProperties) = preSolution
		HideSolutionNode = FALSE
	EndGlobalSection
	GlobalSection(ExtensibilityGlobals) = postSolution
		SolutionGuid = {8A35FFCA-36DF-44A5-A021-3EF7B55EB6C6}
	EndGlobalSection
EndGlobal
